
Microsoft Visual Studio Solution File, Format Version 12.00
# Visual Studio Version 17
VisualStudioVersion = 17.8.34408.163
MinimumVisualStudioVersion = 10.0.40219.1
Project("{FAE04EC0-301F-11D3-BF4B-00C04F79EFBC}") = "Task4", "Task4\Task4.csproj", "{FBCF10EE-E619-40C5-A1CE-DA96DF163370}"
EndProject
Global
	GlobalSection(SolutionConfigurationPlatforms) = preSolution
		Debug|Any CPU = Debug|Any CPU
		Release|Any CPU = Release|Any CPU
	EndGlobalSection
	GlobalSection(ProjectConfigurationPlatforms) = postSolution
		{FBCF10EE-E619-40C5-A1CE-DA96DF163370}.Debug|Any CPU.ActiveCfg = Debug|Any CPU
		{FBCF10EE-E619-40C5-A1CE-DA96DF163370}.Debug|Any CPU.Build.0 = Debug|Any CPU
		{FBCF10EE-E619-40C5-A1CE-DA96DF163370}.Release|Any CPU.ActiveCfg = Release|Any CPU
		{FBCF10EE-E619-40C5-A1CE-DA96DF163370}.Release|Any CPU.Build.0 = Release|Any CPU
	EndGlobalSection
	GlobalSection(SolutionProperties) = preSolution
		HideSolutionNode = FALSE
	EndGlobalSection
	GlobalSection(ExtensibilityGlobals) = postSolution
		SolutionGuid = {C367AA1F-0B93-42FE-8EBA-0C7A8430CCCF}
	EndGlobalSection
EndGlobal
